// !$*UTF8*$!
{
	archiveVersion = 1;
	classes = {
	};
	objectVersion = 46;
	objects = {

/* Begin PBXBuildFile section */
		946663FB1C7D0E2B00815B4A /* AppDelegate.swift in Sources */ = {isa = PBXBuildFile; fileRef = 946663FA1C7D0E2B00815B4A /* AppDelegate.swift */; };
		946663FD1C7D0E2B00815B4A /* MasterViewController.swift in Sources */ = {isa = PBXBuildFile; fileRef = 946663FC1C7D0E2B00815B4A /* MasterViewController.swift */; };
		946663FF1C7D0E2B00815B4A /* DetailViewController.swift in Sources */ = {isa = PBXBuildFile; fileRef = 946663FE1C7D0E2B00815B4A /* DetailViewController.swift */; };
		946664021C7D0E2B00815B4A /* Main.storyboard in Resources */ = {isa = PBXBuildFile; fileRef = 946664001C7D0E2B00815B4A /* Main.storyboard */; };
		946664041C7D0E2B00815B4A /* Assets.xcassets in Resources */ = {isa = PBXBuildFile; fileRef = 946664031C7D0E2B00815B4A /* Assets.xcassets */; };
		946664071C7D0E2B00815B4A /* LaunchScreen.storyboard in Resources */ = {isa = PBXBuildFile; fileRef = 946664051C7D0E2B00815B4A /* LaunchScreen.storyboard */; };
		946664121C7D0E2B00815B4A /* toDo3Tests.swift in Sources */ = {isa = PBXBuildFile; fileRef = 946664111C7D0E2B00815B4A /* toDo3Tests.swift */; };
		9466641D1C7D0E2B00815B4A /* toDo3UITests.swift in Sources */ = {isa = PBXBuildFile; fileRef = 9466641C1C7D0E2B00815B4A /* toDo3UITests.swift */; };
/* End PBXBuildFile section */

/* Begin PBXContainerItemProxy section */
		9466640E1C7D0E2B00815B4A /* PBXContainerItemProxy */ = {
			isa = PBXContainerItemProxy;
			containerPortal = 946663EF1C7D0E2B00815B4A /* Project object */;
			proxyType = 1;
			remoteGlobalIDString = 946663F61C7D0E2B00815B4A;
			remoteInfo = toDo3;
		};
		946664191C7D0E2B00815B4A /* PBXContainerItemProxy */ = {
			isa = PBXContainerItemProxy;
			containerPortal = 946663EF1C7D0E2B00815B4A /* Project object */;
			proxyType = 1;
			remoteGlobalIDString = 946663F61C7D0E2B00815B4A;
			remoteInfo = toDo3;
		};
/* End PBXContainerItemProxy section */

/* Begin PBXFileReference section */
		946663F71C7D0E2B00815B4A /* toDo3.app */ = {isa = PBXFileReference; explicitFileType = wrapper.application; includeInIndex = 0; path = toDo3.app; sourceTree = BUILT_PRODUCTS_DIR; };
		946663FA1C7D0E2B00815B4A /* AppDelegate.swift */ = {isa = PBXFileReference; lastKnownFileType = sourcecode.swift; path = AppDelegate.swift; sourceTree = "<group>"; };
		946663FC1C7D0E2B00815B4A /* MasterViewController.swift */ = {isa = PBXFileReference; lastKnownFileType = sourcecode.swift; path = MasterViewController.swift; sourceTree = "<group>"; };
		946663FE1C7D0E2B00815B4A /* DetailViewController.swift */ = {isa = PBXFileReference; lastKnownFileType = sourcecode.swift; path = DetailViewController.swift; sourceTree = "<group>"; };
		946664011C7D0E2B00815B4A /* Base */ = {isa = PBXFileReference; lastKnownFileType = file.storyboard; name = Base; path = Base.lproj/Main.storyboard; sourceTree = "<group>"; };
		946664031C7D0E2B00815B4A /* Assets.xcassets */ = {isa = PBXFileReference; lastKnownFileType = folder.assetcatalog; path = Assets.xcassets; sourceTree = "<group>"; };
		946664061C7D0E2B00815B4A /* Base */ = {isa = PBXFileReference; lastKnownFileType = file.storyboard; name = Base; path = Base.lproj/LaunchScreen.storyboard; sourceTree = "<group>"; };
		946664081C7D0E2B00815B4A /* Info.plist */ = {isa = PBXFileReference; lastKnownFileType = text.plist.xml; path = Info.plist; sourceTree = "<group>"; };
		9466640D1C7D0E2B00815B4A /* toDo3Tests.xctest */ = {isa = PBXFileReference; explicitFileType = wrapper.cfbundle; includeInIndex = 0; path = toDo3Tests.xctest; sourceTree = BUILT_PRODUCTS_DIR; };
		946664111C7D0E2B00815B4A /* toDo3Tests.swift */ = {isa = PBXFileReference; lastKnownFileType = sourcecode.swift; path = toDo3Tests.swift; sourceTree = "<group>"; };
		946664131C7D0E2B00815B4A /* Info.plist */ = {isa = PBXFileReference; lastKnownFileType = text.plist.xml; path = Info.plist; sourceTree = "<group>"; };
		946664181C7D0E2B00815B4A /* toDo3UITests.xctest */ = {isa = PBXFileReference; explicitFileType = wrapper.cfbundle; includeInIndex = 0; path = toDo3UITests.xctest; sourceTree = BUILT_PRODUCTS_DIR; };
		9466641C1C7D0E2B00815B4A /* toDo3UITests.swift */ = {isa = PBXFileReference; lastKnownFileType = sourcecode.swift; path = toDo3UITests.swift; sourceTree = "<group>"; };
		9466641E1C7D0E2B00815B4A /* Info.plist */ = {isa = PBXFileReference; lastKnownFileType = text.plist.xml; path = Info.plist; sourceTree = "<group>"; };
/* End PBXFileReference section */

/* Begin PBXFrameworksBuildPhase section */
		946663F41C7D0E2B00815B4A /* Frameworks */ = {
			isa = PBXFrameworksBuildPhase;
			buildActionMask = 2147483647;
			files = (
			);
			runOnlyForDeploymentPostprocessing = 0;
		};
		9466640A1C7D0E2B00815B4A /* Frameworks */ = {
			isa = PBXFrameworksBuildPhase;
			buildActionMask = 2147483647;
			files = (
			);
			runOnlyForDeploymentPostprocessing = 0;
		};
		946664151C7D0E2B00815B4A /* Frameworks */ = {
			isa = PBXFrameworksBuildPhase;
			buildActionMask = 2147483647;
			files = (
			);
			runOnlyForDeploymentPostprocessing = 0;
		};
/* End PBXFrameworksBuildPhase section */

/* Begin PBXGroup section */
		946663EE1C7D0E2B00815B4A = {
			isa = PBXGroup;
			children = (
				946663F91C7D0E2B00815B4A /* toDo3 */,
				946664101C7D0E2B00815B4A /* toDo3Tests */,
				9466641B1C7D0E2B00815B4A /* toDo3UITests */,
				946663F81C7D0E2B00815B4A /* Products */,
			);
			sourceTree = "<group>";
		};
		946663F81C7D0E2B00815B4A /* Products */ = {
			isa = PBXGroup;
			children = (
				946663F71C7D0E2B00815B4A /* toDo3.app */,
				9466640D1C7D0E2B00815B4A /* toDo3Tests.xctest */,
				946664181C7D0E2B00815B4A /* toDo3UITests.xctest */,
			);
			name = Products;
			sourceTree = "<group>";
		};
		946663F91C7D0E2B00815B4A /* toDo3 */ = {
			isa = PBXGroup;
			children = (
				946663FA1C7D0E2B00815B4A /* AppDelegate.swift */,
				946663FC1C7D0E2B00815B4A /* MasterViewController.swift */,
				946663FE1C7D0E2B00815B4A /* DetailViewController.swift */,
				946664001C7D0E2B00815B4A /* Main.storyboard */,
				946664031C7D0E2B00815B4A /* Assets.xcassets */,
				946664051C7D0E2B00815B4A /* LaunchScreen.storyboard */,
				946664081C7D0E2B00815B4A /* Info.plist */,
			);
			path = toDo3;
			sourceTree = "<group>";
		};
		946664101C7D0E2B00815B4A /* toDo3Tests */ = {
			isa = PBXGroup;
			children = (
				946664111C7D0E2B00815B4A /* toDo3Tests.swift */,
				946664131C7D0E2B00815B4A /* Info.plist */,
			);
			path = toDo3Tests;
			sourceTree = "<group>";
		};
		9466641B1C7D0E2B00815B4A /* toDo3UITests */ = {
			isa = PBXGroup;
			children = (
				9466641C1C7D0E2B00815B4A /* toDo3UITests.swift */,
				9466641E1C7D0E2B00815B4A /* Info.plist */,
			);
			path = toDo3UITests;
			sourceTree = "<group>";
		};
/* End PBXGroup section */

/* Begin PBXNativeTarget section */
		946663F61C7D0E2B00815B4A /* toDo3 */ = {
			isa = PBXNativeTarget;
			buildConfigurationList = 946664211C7D0E2C00815B4A /* Build configuration list for PBXNativeTarget "toDo3" */;
			buildPhases = (
				946663F31C7D0E2B00815B4A /* Sources */,
				946663F41C7D0E2B00815B4A /* Frameworks */,
				946663F51C7D0E2B00815B4A /* Resources */,
			);
			buildRules = (
			);
			dependencies = (
			);
			name = toDo3;
			productName = toDo3;
			productReference = 946663F71C7D0E2B00815B4A /* toDo3.app */;
			productType = "com.apple.product-type.application";
		};
		9466640C1C7D0E2B00815B4A /* toDo3Tests */ = {
			isa = PBXNativeTarget;
			buildConfigurationList = 946664241C7D0E2C00815B4A /* Build configuration list for PBXNativeTarget "toDo3Tests" */;
			buildPhases = (
				946664091C7D0E2B00815B4A /* Sources */,
				9466640A1C7D0E2B00815B4A /* Frameworks */,
				9466640B1C7D0E2B00815B4A /* Resources */,
			);
			buildRules = (
			);
			dependencies = (
				9466640F1C7D0E2B00815B4A /* PBXTargetDependency */,
			);
			name = toDo3Tests;
			productName = toDo3Tests;
			productReference = 9466640D1C7D0E2B00815B4A /* toDo3Tests.xctest */;
			productType = "com.apple.product-type.bundle.unit-test";
		};
		946664171C7D0E2B00815B4A /* toDo3UITests */ = {
			isa = PBXNativeTarget;
			buildConfigurationList = 946664271C7D0E2C00815B4A /* Build configuration list for PBXNativeTarget "toDo3UITests" */;
			buildPhases = (
				946664141C7D0E2B00815B4A /* Sources */,
				946664151C7D0E2B00815B4A /* Frameworks */,
				946664161C7D0E2B00815B4A /* Resources */,
			);
			buildRules = (
			);
			dependencies = (
				9466641A1C7D0E2B00815B4A /* PBXTargetDependency */,
			);
			name = toDo3UITests;
			productName = toDo3UITests;
			productReference = 946664181C7D0E2B00815B4A /* toDo3UITests.xctest */;
			productType = "com.apple.product-type.bundle.ui-testing";
		};
/* End PBXNativeTarget section */

/* Begin PBXProject section */
		946663EF1C7D0E2B00815B4A /* Project object */ = {
			isa = PBXProject;
			attributes = {
				LastSwiftUpdateCheck = 0720;
				LastUpgradeCheck = 0720;
				ORGANIZATIONNAME = "iOS Decal";
				TargetAttributes = {
					946663F61C7D0E2B00815B4A = {
						CreatedOnToolsVersion = 7.2.1;
					};
					9466640C1C7D0E2B00815B4A = {
						CreatedOnToolsVersion = 7.2.1;
						TestTargetID = 946663F61C7D0E2B00815B4A;
					};
					946664171C7D0E2B00815B4A = {
						CreatedOnToolsVersion = 7.2.1;
						TestTargetID = 946663F61C7D0E2B00815B4A;
					};
				};
			};
			buildConfigurationList = 946663F21C7D0E2B00815B4A /* Build configuration list for PBXProject "toDo3" */;
			compatibilityVersion = "Xcode 3.2";
			developmentRegion = English;
			hasScannedForEncodings = 0;
			knownRegions = (
				en,
				Base,
			);
			mainGroup = 946663EE1C7D0E2B00815B4A;
			productRefGroup = 946663F81C7D0E2B00815B4A /* Products */;
			projectDirPath = "";
			projectRoot = "";
			targets = (
				946663F61C7D0E2B00815B4A /* toDo3 */,
				9466640C1C7D0E2B00815B4A /* toDo3Tests */,
				946664171C7D0E2B00815B4A /* toDo3UITests */,
			);
		};
/* End PBXProject section */

/* Begin PBXResourcesBuildPhase section */
		946663F51C7D0E2B00815B4A /* Resources */ = {
			isa = PBXResourcesBuildPhase;
			buildActionMask = 2147483647;
			files = (
				946664071C7D0E2B00815B4A /* LaunchScreen.storyboard in Resources */,
				946664041C7D0E2B00815B4A /* Assets.xcassets in Resources */,
				946664021C7D0E2B00815B4A /* Main.storyboard in Resources */,
			);
			runOnlyForDeploymentPostprocessing = 0;
		};
		9466640B1C7D0E2B00815B4A /* Resources */ = {
			isa = PBXResourcesBuildPhase;
			buildActionMask = 2147483647;
			files = (
			);
			runOnlyForDeploymentPostprocessing = 0;
		};
		946664161C7D0E2B00815B4A /* Resources */ = {
			isa = PBXResourcesBuildPhase;
			buildActionMask = 2147483647;
			files = (
			);
			runOnlyForDeploymentPostprocessing = 0;
		};
/* End PBXResourcesBuildPhase section */

/* Begin PBXSourcesBuildPhase section */
		946663F31C7D0E2B00815B4A /* Sources */ = {
			isa = PBXSourcesBuildPhase;
			buildActionMask = 2147483647;
			files = (
				946663FF1C7D0E2B00815B4A /* DetailViewController.swift in Sources */,
				946663FD1C7D0E2B00815B4A /* MasterViewController.swift in Sources */,
				946663FB1C7D0E2B00815B4A /* AppDelegate.swift in Sources */,
			);
			runOnlyForDeploymentPostprocessing = 0;
		};
		946664091C7D0E2B00815B4A /* Sources */ = {
			isa = PBXSourcesBuildPhase;
			buildActionMask = 2147483647;
			files = (
				946664121C7D0E2B00815B4A /* toDo3Tests.swift in Sources */,
			);
			runOnlyForDeploymentPostprocessing = 0;
		};
		946664141C7D0E2B00815B4A /* Sources */ = {
			isa = PBXSourcesBuildPhase;
			buildActionMask = 2147483647;
			files = (
				9466641D1C7D0E2B00815B4A /* toDo3UITests.swift in Sources */,
			);
			runOnlyForDeploymentPostprocessing = 0;
		};
/* End PBXSourcesBuildPhase section */

/* Begin PBXTargetDependency section */
		9466640F1C7D0E2B00815B4A /* PBXTargetDependency */ = {
			isa = PBXTargetDependency;
			target = 946663F61C7D0E2B00815B4A /* toDo3 */;
			targetProxy = 9466640E1C7D0E2B00815B4A /* PBXContainerItemProxy */;
		};
		9466641A1C7D0E2B00815B4A /* PBXTargetDependency */ = {
			isa = PBXTargetDependency;
			target = 946663F61C7D0E2B00815B4A /* toDo3 */;
			targetProxy = 946664191C7D0E2B00815B4A /* PBXContainerItemProxy */;
		};
/* End PBXTargetDependency section */

/* Begin PBXVariantGroup section */
		946664001C7D0E2B00815B4A /* Main.storyboard */ = {
			isa = PBXVariantGroup;
			children = (
				946664011C7D0E2B00815B4A /* Base */,
			);
			name = Main.storyboard;
			sourceTree = "<group>";
		};
		946664051C7D0E2B00815B4A /* LaunchScreen.storyboard */ = {
			isa = PBXVariantGroup;
			children = (
				946664061C7D0E2B00815B4A /* Base */,
			);
			name = LaunchScreen.storyboard;
			sourceTree = "<group>";
		};
/* End PBXVariantGroup section */

/* Begin XCBuildConfiguration section */
		9466641F1C7D0E2B00815B4A /* Debug */ = {
			isa = XCBuildConfiguration;
			buildSettings = {
				ALWAYS_SEARCH_USER_PATHS = NO;
				CLANG_CXX_LANGUAGE_STANDARD = "gnu++0x";
				CLANG_CXX_LIBRARY = "libc++";
				CLANG_ENABLE_MODULES = YES;
				CLANG_ENABLE_OBJC_ARC = YES;
				CLANG_WARN_BOOL_CONVERSION = YES;
				CLANG_WARN_CONSTANT_CONVERSION = YES;
				CLANG_WARN_DIRECT_OBJC_ISA_USAGE = YES_ERROR;
				CLANG_WARN_EMPTY_BODY = YES;
				CLANG_WARN_ENUM_CONVERSION = YES;
				CLANG_WARN_INT_CONVERSION = YES;
				CLANG_WARN_OBJC_ROOT_CLASS = YES_ERROR;
				CLANG_WARN_UNREACHABLE_CODE = YES;
				CLANG_WARN__DUPLICATE_METHOD_MATCH = YES;
				"CODE_SIGN_IDENTITY[sdk=iphoneos*]" = "iPhone Developer";
				COPY_PHASE_STRIP = NO;
				DEBUG_INFORMATION_FORMAT = dwarf;
				ENABLE_STRICT_OBJC_MSGSEND = YES;
				ENABLE_TESTABILITY = YES;
				GCC_C_LANGUAGE_STANDARD = gnu99;
				GCC_DYNAMIC_NO_PIC = NO;
				GCC_NO_COMMON_BLOCKS = YES;
				GCC_OPTIMIZATION_LEVEL = 0;
				GCC_PREPROCESSOR_DEFINITIONS = (
					"DEBUG=1",
					"$(inherited)",
				);
				GCC_WARN_64_TO_32_BIT_CONVERSION = YES;
				GCC_WARN_ABOUT_RETURN_TYPE = YES_ERROR;
				GCC_WARN_UNDECLARED_SELECTOR = YES;
				GCC_WARN_UNINITIALIZED_AUTOS = YES_AGGRESSIVE;
				GCC_WARN_UNUSED_FUNCTION = YES;
				GCC_WARN_UNUSED_VARIABLE = YES;
				IPHONEOS_DEPLOYMENT_TARGET = 9.2;
				MTL_ENABLE_DEBUG_INFO = YES;
				ONLY_ACTIVE_ARCH = YES;
				SDKROOT = iphoneos;
				SWIFT_OPTIMIZATION_LEVEL = "-Onone";
				TARGETED_DEVICE_FAMILY = "1,2";
			};
			name = Debug;
		};
		946664201C7D0E2B00815B4A /* Release */ = {
			isa = XCBuildConfiguration;
			buildSettings = {
				ALWAYS_SEARCH_USER_PATHS = NO;
				CLANG_CXX_LANGUAGE_STANDARD = "gnu++0x";
				CLANG_CXX_LIBRARY = "libc++";
				CLANG_ENABLE_MODULES = YES;
				CLANG_ENABLE_OBJC_ARC = YES;
				CLANG_WARN_BOOL_CONVERSION = YES;
				CLANG_WARN_CONSTANT_CONVERSION = YES;
				CLANG_WARN_DIRECT_OBJC_ISA_USAGE = YES_ERROR;
				CLANG_WARN_EMPTY_BODY = YES;
				CLANG_WARN_ENUM_CONVERSION = YES;
				CLANG_WARN_INT_CONVERSION = YES;
				CLANG_WARN_OBJC_ROOT_CLASS = YES_ERROR;
				CLANG_WARN_UNREACHABLE_CODE = YES;
				CLANG_WARN__DUPLICATE_METHOD_MATCH = YES;
				"CODE_SIGN_IDENTITY[sdk=iphoneos*]" = "iPhone Developer";
				COPY_PHASE_STRIP = NO;
				DEBUG_INFORMATION_FORMAT = "dwarf-with-dsym";
				ENABLE_NS_ASSERTIONS = NO;
				ENABLE_STRICT_OBJC_MSGSEND = YES;
				GCC_C_LANGUAGE_STANDARD = gnu99;
				GCC_NO_COMMON_BLOCKS = YES;
				GCC_WARN_64_TO_32_BIT_CONVERSION = YES;
				GCC_WARN_ABOUT_RETURN_TYPE = YES_ERROR;
				GCC_WARN_UNDECLARED_SELECTOR = YES;
				GCC_WARN_UNINITIALIZED_AUTOS = YES_AGGRESSIVE;
				GCC_WARN_UNUSED_FUNCTION = YES;
				GCC_WARN_UNUSED_VARIABLE = YES;
				IPHONEOS_DEPLOYMENT_TARGET = 9.2;
				MTL_ENABLE_DEBUG_INFO = NO;
				SDKROOT = iphoneos;
				TARGETED_DEVICE_FAMILY = "1,2";
				VALIDATE_PRODUCT = YES;
			};
			name = Release;
		};
		946664221C7D0E2C00815B4A /* Debug */ = {
			isa = XCBuildConfiguration;
			buildSettings = {
				ASSETCATALOG_COMPILER_APPICON_NAME = AppIcon;
				INFOPLIST_FILE = toDo3/Info.plist;
				LD_RUNPATH_SEARCH_PATHS = "$(inherited) @executable_path/Frameworks";
				PRODUCT_BUNDLE_IDENTIFIER = "cs-198.toDo3";
				PRODUCT_NAME = "$(TARGET_NAME)";
			};
			name = Debug;
		};
		946664231C7D0E2C00815B4A /* Release */ = {
			isa = XCBuildConfiguration;
			buildSettings = {
				ASSETCATALOG_COMPILER_APPICON_NAME = AppIcon;
				INFOPLIST_FILE = toDo3/Info.plist;
				LD_RUNPATH_SEARCH_PATHS = "$(inherited) @executable_path/Frameworks";
				PRODUCT_BUNDLE_IDENTIFIER = "cs-198.toDo3";
				PRODUCT_NAME = "$(TARGET_NAME)";
			};
			name = Release;
		};
		946664251C7D0E2C00815B4A /* Debug */ = {
			isa = XCBuildConfiguration;
			buildSettings = {
				BUNDLE_LOADER = "$(TEST_HOST)";
				INFOPLIST_FILE = toDo3Tests/Info.plist;
				LD_RUNPATH_SEARCH_PATHS = "$(inherited) @executable_path/Frameworks @loader_path/Frameworks";
				PRODUCT_BUNDLE_IDENTIFIER = "cs-198.toDo3Tests";
				PRODUCT_NAME = "$(TARGET_NAME)";
				TEST_HOST = "$(BUILT_PRODUCTS_DIR)/toDo3.app/toDo3";
			};
			name = Debug;
		};
		946664261C7D0E2C00815B4A /* Release */ = {
			isa = XCBuildConfiguration;
			buildSettings = {
				BUNDLE_LOADER = "$(TEST_HOST)";
				INFOPLIST_FILE = toDo3Tests/Info.plist;
				LD_RUNPATH_SEARCH_PATHS = "$(inherited) @executable_path/Frameworks @loader_path/Frameworks";
				PRODUCT_BUNDLE_IDENTIFIER = "cs-198.toDo3Tests";
				PRODUCT_NAME = "$(TARGET_NAME)";
				TEST_HOST = "$(BUILT_PRODUCTS_DIR)/toDo3.app/toDo3";
			};
			name = Release;
		};
		946664281C7D0E2C00815B4A /* Debug */ = {
			isa = XCBuildConfiguration;
			buildSettings = {
				INFOPLIST_FILE = toDo3UITests/Info.plist;
				LD_RUNPATH_SEARCH_PATHS = "$(inherited) @executable_path/Frameworks @loader_path/Frameworks";
				PRODUCT_BUNDLE_IDENTIFIER = "cs-198.toDo3UITests";
				PRODUCT_NAME = "$(TARGET_NAME)";
				TEST_TARGET_NAME = toDo3;
				USES_XCTRUNNER = YES;
			};
			name = Debug;
		};
		946664291C7D0E2C00815B4A /* Release */ = {
			isa = XCBuildConfiguration;
			buildSettings = {
				INFOPLIST_FILE = toDo3UITests/Info.plist;
				LD_RUNPATH_SEARCH_PATHS = "$(inherited) @executable_path/Frameworks @loader_path/Frameworks";
				PRODUCT_BUNDLE_IDENTIFIER = "cs-198.toDo3UITests";
				PRODUCT_NAME = "$(TARGET_NAME)";
				TEST_TARGET_NAME = toDo3;
				USES_XCTRUNNER = YES;
			};
			name = Release;
		};
/* End XCBuildConfiguration section */

/* Begin XCConfigurationList section */
		946663F21C7D0E2B00815B4A /* Build configuration list for PBXProject "toDo3" */ = {
			isa = XCConfigurationList;
			buildConfigurations = (
				9466641F1C7D0E2B00815B4A /* Debug */,
				946664201C7D0E2B00815B4A /* Release */,
			);
			defaultConfigurationIsVisible = 0;
			defaultConfigurationName = Release;
		};
		946664211C7D0E2C00815B4A /* Build configuration list for PBXNativeTarget "toDo3" */ = {
			isa = XCConfigurationList;
			buildConfigurations = (
				946664221C7D0E2C00815B4A /* Debug */,
				946664231C7D0E2C00815B4A /* Release */,
			);
			defaultConfigurationIsVisible = 0;
		};
		946664241C7D0E2C00815B4A /* Build configuration list for PBXNativeTarget "toDo3Tests" */ = {
			isa = XCConfigurationList;
			buildConfigurations = (
				946664251C7D0E2C00815B4A /* Debug */,
				946664261C7D0E2C00815B4A /* Release */,
			);
			defaultConfigurationIsVisible = 0;
		};
		946664271C7D0E2C00815B4A /* Build configuration list for PBXNativeTarget "toDo3UITests" */ = {
			isa = XCConfigurationList;
			buildConfigurations = (
				946664281C7D0E2C00815B4A /* Debug */,
				946664291C7D0E2C00815B4A /* Release */,
			);
			defaultConfigurationIsVisible = 0;
		};
/* End XCConfigurationList section */
	};
	rootObject = 946663EF1C7D0E2B00815B4A /* Project object */;
}
