// !$*UTF8*$!
{
	archiveVersion = 1;
	classes = {
	};
	objectVersion = 46;
	objects = {

/* Begin PBXBuildFile section */
		940C7E761C79987C00C0A168 /* AppDelegate.swift in Sources */ = {isa = PBXBuildFile; fileRef = 940C7E751C79987C00C0A168 /* AppDelegate.swift */; };
		940C7E781C79987C00C0A168 /* ViewController.swift in Sources */ = {isa = PBXBuildFile; fileRef = 940C7E771C79987C00C0A168 /* ViewController.swift */; };
		940C7E7B1C79987C00C0A168 /* Main.storyboard in Resources */ = {isa = PBXBuildFile; fileRef = 940C7E791C79987C00C0A168 /* Main.storyboard */; };
		940C7E7D1C79987C00C0A168 /* Assets.xcassets in Resources */ = {isa = PBXBuildFile; fileRef = 940C7E7C1C79987C00C0A168 /* Assets.xcassets */; };
		940C7E801C79987C00C0A168 /* LaunchScreen.storyboard in Resources */ = {isa = PBXBuildFile; fileRef = 940C7E7E1C79987C00C0A168 /* LaunchScreen.storyboard */; };
		940C7E8B1C79987C00C0A168 /* ToDoListApp1Tests.swift in Sources */ = {isa = PBXBuildFile; fileRef = 940C7E8A1C79987C00C0A168 /* ToDoListApp1Tests.swift */; };
		940C7E961C79987D00C0A168 /* ToDoListApp1UITests.swift in Sources */ = {isa = PBXBuildFile; fileRef = 940C7E951C79987D00C0A168 /* ToDoListApp1UITests.swift */; };
/* End PBXBuildFile section */

/* Begin PBXContainerItemProxy section */
		940C7E871C79987C00C0A168 /* PBXContainerItemProxy */ = {
			isa = PBXContainerItemProxy;
			containerPortal = 940C7E6A1C79987C00C0A168 /* Project object */;
			proxyType = 1;
			remoteGlobalIDString = 940C7E711C79987C00C0A168;
			remoteInfo = ToDoListApp1;
		};
		940C7E921C79987D00C0A168 /* PBXContainerItemProxy */ = {
			isa = PBXContainerItemProxy;
			containerPortal = 940C7E6A1C79987C00C0A168 /* Project object */;
			proxyType = 1;
			remoteGlobalIDString = 940C7E711C79987C00C0A168;
			remoteInfo = ToDoListApp1;
		};
/* End PBXContainerItemProxy section */

/* Begin PBXFileReference section */
		940C7E721C79987C00C0A168 /* ToDoListApp1.app */ = {isa = PBXFileReference; explicitFileType = wrapper.application; includeInIndex = 0; path = ToDoListApp1.app; sourceTree = BUILT_PRODUCTS_DIR; };
		940C7E751C79987C00C0A168 /* AppDelegate.swift */ = {isa = PBXFileReference; lastKnownFileType = sourcecode.swift; path = AppDelegate.swift; sourceTree = "<group>"; };
		940C7E771C79987C00C0A168 /* ViewController.swift */ = {isa = PBXFileReference; lastKnownFileType = sourcecode.swift; path = ViewController.swift; sourceTree = "<group>"; };
		940C7E7A1C79987C00C0A168 /* Base */ = {isa = PBXFileReference; lastKnownFileType = file.storyboard; name = Base; path = Base.lproj/Main.storyboard; sourceTree = "<group>"; };
		940C7E7C1C79987C00C0A168 /* Assets.xcassets */ = {isa = PBXFileReference; lastKnownFileType = folder.assetcatalog; path = Assets.xcassets; sourceTree = "<group>"; };
		940C7E7F1C79987C00C0A168 /* Base */ = {isa = PBXFileReference; lastKnownFileType = file.storyboard; name = Base; path = Base.lproj/LaunchScreen.storyboard; sourceTree = "<group>"; };
		940C7E811C79987C00C0A168 /* Info.plist */ = {isa = PBXFileReference; lastKnownFileType = text.plist.xml; path = Info.plist; sourceTree = "<group>"; };
		940C7E861C79987C00C0A168 /* ToDoListApp1Tests.xctest */ = {isa = PBXFileReference; explicitFileType = wrapper.cfbundle; includeInIndex = 0; path = ToDoListApp1Tests.xctest; sourceTree = BUILT_PRODUCTS_DIR; };
		940C7E8A1C79987C00C0A168 /* ToDoListApp1Tests.swift */ = {isa = PBXFileReference; lastKnownFileType = sourcecode.swift; path = ToDoListApp1Tests.swift; sourceTree = "<group>"; };
		940C7E8C1C79987C00C0A168 /* Info.plist */ = {isa = PBXFileReference; lastKnownFileType = text.plist.xml; path = Info.plist; sourceTree = "<group>"; };
		940C7E911C79987D00C0A168 /* ToDoListApp1UITests.xctest */ = {isa = PBXFileReference; explicitFileType = wrapper.cfbundle; includeInIndex = 0; path = ToDoListApp1UITests.xctest; sourceTree = BUILT_PRODUCTS_DIR; };
		940C7E951C79987D00C0A168 /* ToDoListApp1UITests.swift */ = {isa = PBXFileReference; lastKnownFileType = sourcecode.swift; path = ToDoListApp1UITests.swift; sourceTree = "<group>"; };
		940C7E971C79987D00C0A168 /* Info.plist */ = {isa = PBXFileReference; lastKnownFileType = text.plist.xml; path = Info.plist; sourceTree = "<group>"; };
/* End PBXFileReference section */

/* Begin PBXFrameworksBuildPhase section */
		940C7E6F1C79987C00C0A168 /* Frameworks */ = {
			isa = PBXFrameworksBuildPhase;
			buildActionMask = 2147483647;
			files = (
			);
			runOnlyForDeploymentPostprocessing = 0;
		};
		940C7E831C79987C00C0A168 /* Frameworks */ = {
			isa = PBXFrameworksBuildPhase;
			buildActionMask = 2147483647;
			files = (
			);
			runOnlyForDeploymentPostprocessing = 0;
		};
		940C7E8E1C79987D00C0A168 /* Frameworks */ = {
			isa = PBXFrameworksBuildPhase;
			buildActionMask = 2147483647;
			files = (
			);
			runOnlyForDeploymentPostprocessing = 0;
		};
/* End PBXFrameworksBuildPhase section */

/* Begin PBXGroup section */
		940C7E691C79987C00C0A168 = {
			isa = PBXGroup;
			children = (
				940C7E741C79987C00C0A168 /* ToDoListApp1 */,
				940C7E891C79987C00C0A168 /* ToDoListApp1Tests */,
				940C7E941C79987D00C0A168 /* ToDoListApp1UITests */,
				940C7E731C79987C00C0A168 /* Products */,
			);
			sourceTree = "<group>";
		};
		940C7E731C79987C00C0A168 /* Products */ = {
			isa = PBXGroup;
			children = (
				940C7E721C79987C00C0A168 /* ToDoListApp1.app */,
				940C7E861C79987C00C0A168 /* ToDoListApp1Tests.xctest */,
				940C7E911C79987D00C0A168 /* ToDoListApp1UITests.xctest */,
			);
			name = Products;
			sourceTree = "<group>";
		};
		940C7E741C79987C00C0A168 /* ToDoListApp1 */ = {
			isa = PBXGroup;
			children = (
				940C7E751C79987C00C0A168 /* AppDelegate.swift */,
				940C7E771C79987C00C0A168 /* ViewController.swift */,
				940C7E791C79987C00C0A168 /* Main.storyboard */,
				940C7E7C1C79987C00C0A168 /* Assets.xcassets */,
				940C7E7E1C79987C00C0A168 /* LaunchScreen.storyboard */,
				940C7E811C79987C00C0A168 /* Info.plist */,
			);
			path = ToDoListApp1;
			sourceTree = "<group>";
		};
		940C7E891C79987C00C0A168 /* ToDoListApp1Tests */ = {
			isa = PBXGroup;
			children = (
				940C7E8A1C79987C00C0A168 /* ToDoListApp1Tests.swift */,
				940C7E8C1C79987C00C0A168 /* Info.plist */,
			);
			path = ToDoListApp1Tests;
			sourceTree = "<group>";
		};
		940C7E941C79987D00C0A168 /* ToDoListApp1UITests */ = {
			isa = PBXGroup;
			children = (
				940C7E951C79987D00C0A168 /* ToDoListApp1UITests.swift */,
				940C7E971C79987D00C0A168 /* Info.plist */,
			);
			path = ToDoListApp1UITests;
			sourceTree = "<group>";
		};
/* End PBXGroup section */

/* Begin PBXNativeTarget section */
		940C7E711C79987C00C0A168 /* ToDoListApp1 */ = {
			isa = PBXNativeTarget;
			buildConfigurationList = 940C7E9A1C79987D00C0A168 /* Build configuration list for PBXNativeTarget "ToDoListApp1" */;
			buildPhases = (
				940C7E6E1C79987C00C0A168 /* Sources */,
				940C7E6F1C79987C00C0A168 /* Frameworks */,
				940C7E701C79987C00C0A168 /* Resources */,
			);
			buildRules = (
			);
			dependencies = (
			);
			name = ToDoListApp1;
			productName = ToDoListApp1;
			productReference = 940C7E721C79987C00C0A168 /* ToDoListApp1.app */;
			productType = "com.apple.product-type.application";
		};
		940C7E851C79987C00C0A168 /* ToDoListApp1Tests */ = {
			isa = PBXNativeTarget;
			buildConfigurationList = 940C7E9D1C79987D00C0A168 /* Build configuration list for PBXNativeTarget "ToDoListApp1Tests" */;
			buildPhases = (
				940C7E821C79987C00C0A168 /* Sources */,
				940C7E831C79987C00C0A168 /* Frameworks */,
				940C7E841C79987C00C0A168 /* Resources */,
			);
			buildRules = (
			);
			dependencies = (
				940C7E881C79987C00C0A168 /* PBXTargetDependency */,
			);
			name = ToDoListApp1Tests;
			productName = ToDoListApp1Tests;
			productReference = 940C7E861C79987C00C0A168 /* ToDoListApp1Tests.xctest */;
			productType = "com.apple.product-type.bundle.unit-test";
		};
		940C7E901C79987D00C0A168 /* ToDoListApp1UITests */ = {
			isa = PBXNativeTarget;
			buildConfigurationList = 940C7EA01C79987D00C0A168 /* Build configuration list for PBXNativeTarget "ToDoListApp1UITests" */;
			buildPhases = (
				940C7E8D1C79987D00C0A168 /* Sources */,
				940C7E8E1C79987D00C0A168 /* Frameworks */,
				940C7E8F1C79987D00C0A168 /* Resources */,
			);
			buildRules = (
			);
			dependencies = (
				940C7E931C79987D00C0A168 /* PBXTargetDependency */,
			);
			name = ToDoListApp1UITests;
			productName = ToDoListApp1UITests;
			productReference = 940C7E911C79987D00C0A168 /* ToDoListApp1UITests.xctest */;
			productType = "com.apple.product-type.bundle.ui-testing";
		};
/* End PBXNativeTarget section */

/* Begin PBXProject section */
		940C7E6A1C79987C00C0A168 /* Project object */ = {
			isa = PBXProject;
			attributes = {
				LastSwiftUpdateCheck = 0720;
				LastUpgradeCheck = 0720;
				ORGANIZATIONNAME = "iOS Decal";
				TargetAttributes = {
					940C7E711C79987C00C0A168 = {
						CreatedOnToolsVersion = 7.2.1;
					};
					940C7E851C79987C00C0A168 = {
						CreatedOnToolsVersion = 7.2.1;
						TestTargetID = 940C7E711C79987C00C0A168;
					};
					940C7E901C79987D00C0A168 = {
						CreatedOnToolsVersion = 7.2.1;
						TestTargetID = 940C7E711C79987C00C0A168;
					};
				};
			};
			buildConfigurationList = 940C7E6D1C79987C00C0A168 /* Build configuration list for PBXProject "ToDoListApp1" */;
			compatibilityVersion = "Xcode 3.2";
			developmentRegion = English;
			hasScannedForEncodings = 0;
			knownRegions = (
				en,
				Base,
			);
			mainGroup = 940C7E691C79987C00C0A168;
			productRefGroup = 940C7E731C79987C00C0A168 /* Products */;
			projectDirPath = "";
			projectRoot = "";
			targets = (
				940C7E711C79987C00C0A168 /* ToDoListApp1 */,
				940C7E851C79987C00C0A168 /* ToDoListApp1Tests */,
				940C7E901C79987D00C0A168 /* ToDoListApp1UITests */,
			);
		};
/* End PBXProject section */

/* Begin PBXResourcesBuildPhase section */
		940C7E701C79987C00C0A168 /* Resources */ = {
			isa = PBXResourcesBuildPhase;
			buildActionMask = 2147483647;
			files = (
				940C7E801C79987C00C0A168 /* LaunchScreen.storyboard in Resources */,
				940C7E7D1C79987C00C0A168 /* Assets.xcassets in Resources */,
				940C7E7B1C79987C00C0A168 /* Main.storyboard in Resources */,
			);
			runOnlyForDeploymentPostprocessing = 0;
		};
		940C7E841C79987C00C0A168 /* Resources */ = {
			isa = PBXResourcesBuildPhase;
			buildActionMask = 2147483647;
			files = (
			);
			runOnlyForDeploymentPostprocessing = 0;
		};
		940C7E8F1C79987D00C0A168 /* Resources */ = {
			isa = PBXResourcesBuildPhase;
			buildActionMask = 2147483647;
			files = (
			);
			runOnlyForDeploymentPostprocessing = 0;
		};
/* End PBXResourcesBuildPhase section */

/* Begin PBXSourcesBuildPhase section */
		940C7E6E1C79987C00C0A168 /* Sources */ = {
			isa = PBXSourcesBuildPhase;
			buildActionMask = 2147483647;
			files = (
				940C7E781C79987C00C0A168 /* ViewController.swift in Sources */,
				940C7E761C79987C00C0A168 /* AppDelegate.swift in Sources */,
			);
			runOnlyForDeploymentPostprocessing = 0;
		};
		940C7E821C79987C00C0A168 /* Sources */ = {
			isa = PBXSourcesBuildPhase;
			buildActionMask = 2147483647;
			files = (
				940C7E8B1C79987C00C0A168 /* ToDoListApp1Tests.swift in Sources */,
			);
			runOnlyForDeploymentPostprocessing = 0;
		};
		940C7E8D1C79987D00C0A168 /* Sources */ = {
			isa = PBXSourcesBuildPhase;
			buildActionMask = 2147483647;
			files = (
				940C7E961C79987D00C0A168 /* ToDoListApp1UITests.swift in Sources */,
			);
			runOnlyForDeploymentPostprocessing = 0;
		};
/* End PBXSourcesBuildPhase section */

/* Begin PBXTargetDependency section */
		940C7E881C79987C00C0A168 /* PBXTargetDependency */ = {
			isa = PBXTargetDependency;
			target = 940C7E711C79987C00C0A168 /* ToDoListApp1 */;
			targetProxy = 940C7E871C79987C00C0A168 /* PBXContainerItemProxy */;
		};
		940C7E931C79987D00C0A168 /* PBXTargetDependency */ = {
			isa = PBXTargetDependency;
			target = 940C7E711C79987C00C0A168 /* ToDoListApp1 */;
			targetProxy = 940C7E921C79987D00C0A168 /* PBXContainerItemProxy */;
		};
/* End PBXTargetDependency section */

/* Begin PBXVariantGroup section */
		940C7E791C79987C00C0A168 /* Main.storyboard */ = {
			isa = PBXVariantGroup;
			children = (
				940C7E7A1C79987C00C0A168 /* Base */,
			);
			name = Main.storyboard;
			sourceTree = "<group>";
		};
		940C7E7E1C79987C00C0A168 /* LaunchScreen.storyboard */ = {
			isa = PBXVariantGroup;
			children = (
				940C7E7F1C79987C00C0A168 /* Base */,
			);
			name = LaunchScreen.storyboard;
			sourceTree = "<group>";
		};
/* End PBXVariantGroup section */

/* Begin XCBuildConfiguration section */
		940C7E981C79987D00C0A168 /* Debug */ = {
			isa = XCBuildConfiguration;
			buildSettings = {
				ALWAYS_SEARCH_USER_PATHS = NO;
				CLANG_CXX_LANGUAGE_STANDARD = "gnu++0x";
				CLANG_CXX_LIBRARY = "libc++";
				CLANG_ENABLE_MODULES = YES;
				CLANG_ENABLE_OBJC_ARC = YES;
				CLANG_WARN_BOOL_CONVERSION = YES;
				CLANG_WARN_CONSTANT_CONVERSION = YES;
				CLANG_WARN_DIRECT_OBJC_ISA_USAGE = YES_ERROR;
				CLANG_WARN_EMPTY_BODY = YES;
				CLANG_WARN_ENUM_CONVERSION = YES;
				CLANG_WARN_INT_CONVERSION = YES;
				CLANG_WARN_OBJC_ROOT_CLASS = YES_ERROR;
				CLANG_WARN_UNREACHABLE_CODE = YES;
				CLANG_WARN__DUPLICATE_METHOD_MATCH = YES;
				"CODE_SIGN_IDENTITY[sdk=iphoneos*]" = "iPhone Developer";
				COPY_PHASE_STRIP = NO;
				DEBUG_INFORMATION_FORMAT = dwarf;
				ENABLE_STRICT_OBJC_MSGSEND = YES;
				ENABLE_TESTABILITY = YES;
				GCC_C_LANGUAGE_STANDARD = gnu99;
				GCC_DYNAMIC_NO_PIC = NO;
				GCC_NO_COMMON_BLOCKS = YES;
				GCC_OPTIMIZATION_LEVEL = 0;
				GCC_PREPROCESSOR_DEFINITIONS = (
					"DEBUG=1",
					"$(inherited)",
				);
				GCC_WARN_64_TO_32_BIT_CONVERSION = YES;
				GCC_WARN_ABOUT_RETURN_TYPE = YES_ERROR;
				GCC_WARN_UNDECLARED_SELECTOR = YES;
				GCC_WARN_UNINITIALIZED_AUTOS = YES_AGGRESSIVE;
				GCC_WARN_UNUSED_FUNCTION = YES;
				GCC_WARN_UNUSED_VARIABLE = YES;
				IPHONEOS_DEPLOYMENT_TARGET = 9.2;
				MTL_ENABLE_DEBUG_INFO = YES;
				ONLY_ACTIVE_ARCH = YES;
				SDKROOT = iphoneos;
				SWIFT_OPTIMIZATION_LEVEL = "-Onone";
				TARGETED_DEVICE_FAMILY = "1,2";
			};
			name = Debug;
		};
		940C7E991C79987D00C0A168 /* Release */ = {
			isa = XCBuildConfiguration;
			buildSettings = {
				ALWAYS_SEARCH_USER_PATHS = NO;
				CLANG_CXX_LANGUAGE_STANDARD = "gnu++0x";
				CLANG_CXX_LIBRARY = "libc++";
				CLANG_ENABLE_MODULES = YES;
				CLANG_ENABLE_OBJC_ARC = YES;
				CLANG_WARN_BOOL_CONVERSION = YES;
				CLANG_WARN_CONSTANT_CONVERSION = YES;
				CLANG_WARN_DIRECT_OBJC_ISA_USAGE = YES_ERROR;
				CLANG_WARN_EMPTY_BODY = YES;
				CLANG_WARN_ENUM_CONVERSION = YES;
				CLANG_WARN_INT_CONVERSION = YES;
				CLANG_WARN_OBJC_ROOT_CLASS = YES_ERROR;
				CLANG_WARN_UNREACHABLE_CODE = YES;
				CLANG_WARN__DUPLICATE_METHOD_MATCH = YES;
				"CODE_SIGN_IDENTITY[sdk=iphoneos*]" = "iPhone Developer";
				COPY_PHASE_STRIP = NO;
				DEBUG_INFORMATION_FORMAT = "dwarf-with-dsym";
				ENABLE_NS_ASSERTIONS = NO;
				ENABLE_STRICT_OBJC_MSGSEND = YES;
				GCC_C_LANGUAGE_STANDARD = gnu99;
				GCC_NO_COMMON_BLOCKS = YES;
				GCC_WARN_64_TO_32_BIT_CONVERSION = YES;
				GCC_WARN_ABOUT_RETURN_TYPE = YES_ERROR;
				GCC_WARN_UNDECLARED_SELECTOR = YES;
				GCC_WARN_UNINITIALIZED_AUTOS = YES_AGGRESSIVE;
				GCC_WARN_UNUSED_FUNCTION = YES;
				GCC_WARN_UNUSED_VARIABLE = YES;
				IPHONEOS_DEPLOYMENT_TARGET = 9.2;
				MTL_ENABLE_DEBUG_INFO = NO;
				SDKROOT = iphoneos;
				TARGETED_DEVICE_FAMILY = "1,2";
				VALIDATE_PRODUCT = YES;
			};
			name = Release;
		};
		940C7E9B1C79987D00C0A168 /* Debug */ = {
			isa = XCBuildConfiguration;
			buildSettings = {
				ASSETCATALOG_COMPILER_APPICON_NAME = AppIcon;
				INFOPLIST_FILE = ToDoListApp1/Info.plist;
				LD_RUNPATH_SEARCH_PATHS = "$(inherited) @executable_path/Frameworks";
				PRODUCT_BUNDLE_IDENTIFIER = "cs-198.ToDoListApp1";
				PRODUCT_NAME = "$(TARGET_NAME)";
			};
			name = Debug;
		};
		940C7E9C1C79987D00C0A168 /* Release */ = {
			isa = XCBuildConfiguration;
			buildSettings = {
				ASSETCATALOG_COMPILER_APPICON_NAME = AppIcon;
				INFOPLIST_FILE = ToDoListApp1/Info.plist;
				LD_RUNPATH_SEARCH_PATHS = "$(inherited) @executable_path/Frameworks";
				PRODUCT_BUNDLE_IDENTIFIER = "cs-198.ToDoListApp1";
				PRODUCT_NAME = "$(TARGET_NAME)";
			};
			name = Release;
		};
		940C7E9E1C79987D00C0A168 /* Debug */ = {
			isa = XCBuildConfiguration;
			buildSettings = {
				BUNDLE_LOADER = "$(TEST_HOST)";
				INFOPLIST_FILE = ToDoListApp1Tests/Info.plist;
				LD_RUNPATH_SEARCH_PATHS = "$(inherited) @executable_path/Frameworks @loader_path/Frameworks";
				PRODUCT_BUNDLE_IDENTIFIER = "cs-198.ToDoListApp1Tests";
				PRODUCT_NAME = "$(TARGET_NAME)";
				TEST_HOST = "$(BUILT_PRODUCTS_DIR)/ToDoListApp1.app/ToDoListApp1";
			};
			name = Debug;
		};
		940C7E9F1C79987D00C0A168 /* Release */ = {
			isa = XCBuildConfiguration;
			buildSettings = {
				BUNDLE_LOADER = "$(TEST_HOST)";
				INFOPLIST_FILE = ToDoListApp1Tests/Info.plist;
				LD_RUNPATH_SEARCH_PATHS = "$(inherited) @executable_path/Frameworks @loader_path/Frameworks";
				PRODUCT_BUNDLE_IDENTIFIER = "cs-198.ToDoListApp1Tests";
				PRODUCT_NAME = "$(TARGET_NAME)";
				TEST_HOST = "$(BUILT_PRODUCTS_DIR)/ToDoListApp1.app/ToDoListApp1";
			};
			name = Release;
		};
		940C7EA11C79987D00C0A168 /* Debug */ = {
			isa = XCBuildConfiguration;
			buildSettings = {
				INFOPLIST_FILE = ToDoListApp1UITests/Info.plist;
				LD_RUNPATH_SEARCH_PATHS = "$(inherited) @executable_path/Frameworks @loader_path/Frameworks";
				PRODUCT_BUNDLE_IDENTIFIER = "cs-198.ToDoListApp1UITests";
				PRODUCT_NAME = "$(TARGET_NAME)";
				TEST_TARGET_NAME = ToDoListApp1;
				USES_XCTRUNNER = YES;
			};
			name = Debug;
		};
		940C7EA21C79987D00C0A168 /* Release */ = {
			isa = XCBuildConfiguration;
			buildSettings = {
				INFOPLIST_FILE = ToDoListApp1UITests/Info.plist;
				LD_RUNPATH_SEARCH_PATHS = "$(inherited) @executable_path/Frameworks @loader_path/Frameworks";
				PRODUCT_BUNDLE_IDENTIFIER = "cs-198.ToDoListApp1UITests";
				PRODUCT_NAME = "$(TARGET_NAME)";
				TEST_TARGET_NAME = ToDoListApp1;
				USES_XCTRUNNER = YES;
			};
			name = Release;
		};
/* End XCBuildConfiguration section */

/* Begin XCConfigurationList section */
		940C7E6D1C79987C00C0A168 /* Build configuration list for PBXProject "ToDoListApp1" */ = {
			isa = XCConfigurationList;
			buildConfigurations = (
				940C7E981C79987D00C0A168 /* Debug */,
				940C7E991C79987D00C0A168 /* Release */,
			);
			defaultConfigurationIsVisible = 0;
			defaultConfigurationName = Release;
		};
		940C7E9A1C79987D00C0A168 /* Build configuration list for PBXNativeTarget "ToDoListApp1" */ = {
			isa = XCConfigurationList;
			buildConfigurations = (
				940C7E9B1C79987D00C0A168 /* Debug */,
				940C7E9C1C79987D00C0A168 /* Release */,
			);
			defaultConfigurationIsVisible = 0;
		};
		940C7E9D1C79987D00C0A168 /* Build configuration list for PBXNativeTarget "ToDoListApp1Tests" */ = {
			isa = XCConfigurationList;
			buildConfigurations = (
				940C7E9E1C79987D00C0A168 /* Debug */,
				940C7E9F1C79987D00C0A168 /* Release */,
			);
			defaultConfigurationIsVisible = 0;
		};
		940C7EA01C79987D00C0A168 /* Build configuration list for PBXNativeTarget "ToDoListApp1UITests" */ = {
			isa = XCConfigurationList;
			buildConfigurations = (
				940C7EA11C79987D00C0A168 /* Debug */,
				940C7EA21C79987D00C0A168 /* Release */,
			);
			defaultConfigurationIsVisible = 0;
		};
/* End XCConfigurationList section */
	};
	rootObject = 940C7E6A1C79987C00C0A168 /* Project object */;
}
