// !$*UTF8*$!
{
	archiveVersion = 1;
	classes = {
	};
	objectVersion = 46;
	objects = {

/* Begin PBXBuildFile section */
		940C7EB61C7A6FD900C0A168 /* AppDelegate.swift in Sources */ = {isa = PBXBuildFile; fileRef = 940C7EB51C7A6FD900C0A168 /* AppDelegate.swift */; };
		940C7EB81C7A6FD900C0A168 /* ViewController.swift in Sources */ = {isa = PBXBuildFile; fileRef = 940C7EB71C7A6FD900C0A168 /* ViewController.swift */; };
		940C7EBB1C7A6FD900C0A168 /* Main.storyboard in Resources */ = {isa = PBXBuildFile; fileRef = 940C7EB91C7A6FD900C0A168 /* Main.storyboard */; };
		940C7EBD1C7A6FD900C0A168 /* Assets.xcassets in Resources */ = {isa = PBXBuildFile; fileRef = 940C7EBC1C7A6FD900C0A168 /* Assets.xcassets */; };
		940C7EC01C7A6FD900C0A168 /* LaunchScreen.storyboard in Resources */ = {isa = PBXBuildFile; fileRef = 940C7EBE1C7A6FD900C0A168 /* LaunchScreen.storyboard */; };
		940C7ECB1C7A6FD900C0A168 /* toDoList2Tests.swift in Sources */ = {isa = PBXBuildFile; fileRef = 940C7ECA1C7A6FD900C0A168 /* toDoList2Tests.swift */; };
		940C7ED61C7A6FD900C0A168 /* toDoList2UITests.swift in Sources */ = {isa = PBXBuildFile; fileRef = 940C7ED51C7A6FD900C0A168 /* toDoList2UITests.swift */; };
/* End PBXBuildFile section */

/* Begin PBXContainerItemProxy section */
		940C7EC71C7A6FD900C0A168 /* PBXContainerItemProxy */ = {
			isa = PBXContainerItemProxy;
			containerPortal = 940C7EAA1C7A6FD900C0A168 /* Project object */;
			proxyType = 1;
			remoteGlobalIDString = 940C7EB11C7A6FD900C0A168;
			remoteInfo = toDoList2;
		};
		940C7ED21C7A6FD900C0A168 /* PBXContainerItemProxy */ = {
			isa = PBXContainerItemProxy;
			containerPortal = 940C7EAA1C7A6FD900C0A168 /* Project object */;
			proxyType = 1;
			remoteGlobalIDString = 940C7EB11C7A6FD900C0A168;
			remoteInfo = toDoList2;
		};
/* End PBXContainerItemProxy section */

/* Begin PBXFileReference section */
		940C7EB21C7A6FD900C0A168 /* toDoList2.app */ = {isa = PBXFileReference; explicitFileType = wrapper.application; includeInIndex = 0; path = toDoList2.app; sourceTree = BUILT_PRODUCTS_DIR; };
		940C7EB51C7A6FD900C0A168 /* AppDelegate.swift */ = {isa = PBXFileReference; lastKnownFileType = sourcecode.swift; path = AppDelegate.swift; sourceTree = "<group>"; };
		940C7EB71C7A6FD900C0A168 /* ViewController.swift */ = {isa = PBXFileReference; lastKnownFileType = sourcecode.swift; path = ViewController.swift; sourceTree = "<group>"; };
		940C7EBA1C7A6FD900C0A168 /* Base */ = {isa = PBXFileReference; lastKnownFileType = file.storyboard; name = Base; path = Base.lproj/Main.storyboard; sourceTree = "<group>"; };
		940C7EBC1C7A6FD900C0A168 /* Assets.xcassets */ = {isa = PBXFileReference; lastKnownFileType = folder.assetcatalog; path = Assets.xcassets; sourceTree = "<group>"; };
		940C7EBF1C7A6FD900C0A168 /* Base */ = {isa = PBXFileReference; lastKnownFileType = file.storyboard; name = Base; path = Base.lproj/LaunchScreen.storyboard; sourceTree = "<group>"; };
		940C7EC11C7A6FD900C0A168 /* Info.plist */ = {isa = PBXFileReference; lastKnownFileType = text.plist.xml; path = Info.plist; sourceTree = "<group>"; };
		940C7EC61C7A6FD900C0A168 /* toDoList2Tests.xctest */ = {isa = PBXFileReference; explicitFileType = wrapper.cfbundle; includeInIndex = 0; path = toDoList2Tests.xctest; sourceTree = BUILT_PRODUCTS_DIR; };
		940C7ECA1C7A6FD900C0A168 /* toDoList2Tests.swift */ = {isa = PBXFileReference; lastKnownFileType = sourcecode.swift; path = toDoList2Tests.swift; sourceTree = "<group>"; };
		940C7ECC1C7A6FD900C0A168 /* Info.plist */ = {isa = PBXFileReference; lastKnownFileType = text.plist.xml; path = Info.plist; sourceTree = "<group>"; };
		940C7ED11C7A6FD900C0A168 /* toDoList2UITests.xctest */ = {isa = PBXFileReference; explicitFileType = wrapper.cfbundle; includeInIndex = 0; path = toDoList2UITests.xctest; sourceTree = BUILT_PRODUCTS_DIR; };
		940C7ED51C7A6FD900C0A168 /* toDoList2UITests.swift */ = {isa = PBXFileReference; lastKnownFileType = sourcecode.swift; path = toDoList2UITests.swift; sourceTree = "<group>"; };
		940C7ED71C7A6FD900C0A168 /* Info.plist */ = {isa = PBXFileReference; lastKnownFileType = text.plist.xml; path = Info.plist; sourceTree = "<group>"; };
/* End PBXFileReference section */

/* Begin PBXFrameworksBuildPhase section */
		940C7EAF1C7A6FD900C0A168 /* Frameworks */ = {
			isa = PBXFrameworksBuildPhase;
			buildActionMask = 2147483647;
			files = (
			);
			runOnlyForDeploymentPostprocessing = 0;
		};
		940C7EC31C7A6FD900C0A168 /* Frameworks */ = {
			isa = PBXFrameworksBuildPhase;
			buildActionMask = 2147483647;
			files = (
			);
			runOnlyForDeploymentPostprocessing = 0;
		};
		940C7ECE1C7A6FD900C0A168 /* Frameworks */ = {
			isa = PBXFrameworksBuildPhase;
			buildActionMask = 2147483647;
			files = (
			);
			runOnlyForDeploymentPostprocessing = 0;
		};
/* End PBXFrameworksBuildPhase section */

/* Begin PBXGroup section */
		940C7EA91C7A6FD900C0A168 = {
			isa = PBXGroup;
			children = (
				940C7EB41C7A6FD900C0A168 /* toDoList2 */,
				940C7EC91C7A6FD900C0A168 /* toDoList2Tests */,
				940C7ED41C7A6FD900C0A168 /* toDoList2UITests */,
				940C7EB31C7A6FD900C0A168 /* Products */,
			);
			sourceTree = "<group>";
		};
		940C7EB31C7A6FD900C0A168 /* Products */ = {
			isa = PBXGroup;
			children = (
				940C7EB21C7A6FD900C0A168 /* toDoList2.app */,
				940C7EC61C7A6FD900C0A168 /* toDoList2Tests.xctest */,
				940C7ED11C7A6FD900C0A168 /* toDoList2UITests.xctest */,
			);
			name = Products;
			sourceTree = "<group>";
		};
		940C7EB41C7A6FD900C0A168 /* toDoList2 */ = {
			isa = PBXGroup;
			children = (
				940C7EB51C7A6FD900C0A168 /* AppDelegate.swift */,
				940C7EB71C7A6FD900C0A168 /* ViewController.swift */,
				940C7EB91C7A6FD900C0A168 /* Main.storyboard */,
				940C7EBC1C7A6FD900C0A168 /* Assets.xcassets */,
				940C7EBE1C7A6FD900C0A168 /* LaunchScreen.storyboard */,
				940C7EC11C7A6FD900C0A168 /* Info.plist */,
			);
			path = toDoList2;
			sourceTree = "<group>";
		};
		940C7EC91C7A6FD900C0A168 /* toDoList2Tests */ = {
			isa = PBXGroup;
			children = (
				940C7ECA1C7A6FD900C0A168 /* toDoList2Tests.swift */,
				940C7ECC1C7A6FD900C0A168 /* Info.plist */,
			);
			path = toDoList2Tests;
			sourceTree = "<group>";
		};
		940C7ED41C7A6FD900C0A168 /* toDoList2UITests */ = {
			isa = PBXGroup;
			children = (
				940C7ED51C7A6FD900C0A168 /* toDoList2UITests.swift */,
				940C7ED71C7A6FD900C0A168 /* Info.plist */,
			);
			path = toDoList2UITests;
			sourceTree = "<group>";
		};
/* End PBXGroup section */

/* Begin PBXNativeTarget section */
		940C7EB11C7A6FD900C0A168 /* toDoList2 */ = {
			isa = PBXNativeTarget;
			buildConfigurationList = 940C7EDA1C7A6FD900C0A168 /* Build configuration list for PBXNativeTarget "toDoList2" */;
			buildPhases = (
				940C7EAE1C7A6FD900C0A168 /* Sources */,
				940C7EAF1C7A6FD900C0A168 /* Frameworks */,
				940C7EB01C7A6FD900C0A168 /* Resources */,
			);
			buildRules = (
			);
			dependencies = (
			);
			name = toDoList2;
			productName = toDoList2;
			productReference = 940C7EB21C7A6FD900C0A168 /* toDoList2.app */;
			productType = "com.apple.product-type.application";
		};
		940C7EC51C7A6FD900C0A168 /* toDoList2Tests */ = {
			isa = PBXNativeTarget;
			buildConfigurationList = 940C7EDD1C7A6FD900C0A168 /* Build configuration list for PBXNativeTarget "toDoList2Tests" */;
			buildPhases = (
				940C7EC21C7A6FD900C0A168 /* Sources */,
				940C7EC31C7A6FD900C0A168 /* Frameworks */,
				940C7EC41C7A6FD900C0A168 /* Resources */,
			);
			buildRules = (
			);
			dependencies = (
				940C7EC81C7A6FD900C0A168 /* PBXTargetDependency */,
			);
			name = toDoList2Tests;
			productName = toDoList2Tests;
			productReference = 940C7EC61C7A6FD900C0A168 /* toDoList2Tests.xctest */;
			productType = "com.apple.product-type.bundle.unit-test";
		};
		940C7ED01C7A6FD900C0A168 /* toDoList2UITests */ = {
			isa = PBXNativeTarget;
			buildConfigurationList = 940C7EE01C7A6FD900C0A168 /* Build configuration list for PBXNativeTarget "toDoList2UITests" */;
			buildPhases = (
				940C7ECD1C7A6FD900C0A168 /* Sources */,
				940C7ECE1C7A6FD900C0A168 /* Frameworks */,
				940C7ECF1C7A6FD900C0A168 /* Resources */,
			);
			buildRules = (
			);
			dependencies = (
				940C7ED31C7A6FD900C0A168 /* PBXTargetDependency */,
			);
			name = toDoList2UITests;
			productName = toDoList2UITests;
			productReference = 940C7ED11C7A6FD900C0A168 /* toDoList2UITests.xctest */;
			productType = "com.apple.product-type.bundle.ui-testing";
		};
/* End PBXNativeTarget section */

/* Begin PBXProject section */
		940C7EAA1C7A6FD900C0A168 /* Project object */ = {
			isa = PBXProject;
			attributes = {
				LastSwiftUpdateCheck = 0720;
				LastUpgradeCheck = 0720;
				ORGANIZATIONNAME = "iOS Decal";
				TargetAttributes = {
					940C7EB11C7A6FD900C0A168 = {
						CreatedOnToolsVersion = 7.2.1;
					};
					940C7EC51C7A6FD900C0A168 = {
						CreatedOnToolsVersion = 7.2.1;
						TestTargetID = 940C7EB11C7A6FD900C0A168;
					};
					940C7ED01C7A6FD900C0A168 = {
						CreatedOnToolsVersion = 7.2.1;
						TestTargetID = 940C7EB11C7A6FD900C0A168;
					};
				};
			};
			buildConfigurationList = 940C7EAD1C7A6FD900C0A168 /* Build configuration list for PBXProject "toDoList2" */;
			compatibilityVersion = "Xcode 3.2";
			developmentRegion = English;
			hasScannedForEncodings = 0;
			knownRegions = (
				en,
				Base,
			);
			mainGroup = 940C7EA91C7A6FD900C0A168;
			productRefGroup = 940C7EB31C7A6FD900C0A168 /* Products */;
			projectDirPath = "";
			projectRoot = "";
			targets = (
				940C7EB11C7A6FD900C0A168 /* toDoList2 */,
				940C7EC51C7A6FD900C0A168 /* toDoList2Tests */,
				940C7ED01C7A6FD900C0A168 /* toDoList2UITests */,
			);
		};
/* End PBXProject section */

/* Begin PBXResourcesBuildPhase section */
		940C7EB01C7A6FD900C0A168 /* Resources */ = {
			isa = PBXResourcesBuildPhase;
			buildActionMask = 2147483647;
			files = (
				940C7EC01C7A6FD900C0A168 /* LaunchScreen.storyboard in Resources */,
				940C7EBD1C7A6FD900C0A168 /* Assets.xcassets in Resources */,
				940C7EBB1C7A6FD900C0A168 /* Main.storyboard in Resources */,
			);
			runOnlyForDeploymentPostprocessing = 0;
		};
		940C7EC41C7A6FD900C0A168 /* Resources */ = {
			isa = PBXResourcesBuildPhase;
			buildActionMask = 2147483647;
			files = (
			);
			runOnlyForDeploymentPostprocessing = 0;
		};
		940C7ECF1C7A6FD900C0A168 /* Resources */ = {
			isa = PBXResourcesBuildPhase;
			buildActionMask = 2147483647;
			files = (
			);
			runOnlyForDeploymentPostprocessing = 0;
		};
/* End PBXResourcesBuildPhase section */

/* Begin PBXSourcesBuildPhase section */
		940C7EAE1C7A6FD900C0A168 /* Sources */ = {
			isa = PBXSourcesBuildPhase;
			buildActionMask = 2147483647;
			files = (
				940C7EB81C7A6FD900C0A168 /* ViewController.swift in Sources */,
				940C7EB61C7A6FD900C0A168 /* AppDelegate.swift in Sources */,
			);
			runOnlyForDeploymentPostprocessing = 0;
		};
		940C7EC21C7A6FD900C0A168 /* Sources */ = {
			isa = PBXSourcesBuildPhase;
			buildActionMask = 2147483647;
			files = (
				940C7ECB1C7A6FD900C0A168 /* toDoList2Tests.swift in Sources */,
			);
			runOnlyForDeploymentPostprocessing = 0;
		};
		940C7ECD1C7A6FD900C0A168 /* Sources */ = {
			isa = PBXSourcesBuildPhase;
			buildActionMask = 2147483647;
			files = (
				940C7ED61C7A6FD900C0A168 /* toDoList2UITests.swift in Sources */,
			);
			runOnlyForDeploymentPostprocessing = 0;
		};
/* End PBXSourcesBuildPhase section */

/* Begin PBXTargetDependency section */
		940C7EC81C7A6FD900C0A168 /* PBXTargetDependency */ = {
			isa = PBXTargetDependency;
			target = 940C7EB11C7A6FD900C0A168 /* toDoList2 */;
			targetProxy = 940C7EC71C7A6FD900C0A168 /* PBXContainerItemProxy */;
		};
		940C7ED31C7A6FD900C0A168 /* PBXTargetDependency */ = {
			isa = PBXTargetDependency;
			target = 940C7EB11C7A6FD900C0A168 /* toDoList2 */;
			targetProxy = 940C7ED21C7A6FD900C0A168 /* PBXContainerItemProxy */;
		};
/* End PBXTargetDependency section */

/* Begin PBXVariantGroup section */
		940C7EB91C7A6FD900C0A168 /* Main.storyboard */ = {
			isa = PBXVariantGroup;
			children = (
				940C7EBA1C7A6FD900C0A168 /* Base */,
			);
			name = Main.storyboard;
			sourceTree = "<group>";
		};
		940C7EBE1C7A6FD900C0A168 /* LaunchScreen.storyboard */ = {
			isa = PBXVariantGroup;
			children = (
				940C7EBF1C7A6FD900C0A168 /* Base */,
			);
			name = LaunchScreen.storyboard;
			sourceTree = "<group>";
		};
/* End PBXVariantGroup section */

/* Begin XCBuildConfiguration section */
		940C7ED81C7A6FD900C0A168 /* Debug */ = {
			isa = XCBuildConfiguration;
			buildSettings = {
				ALWAYS_SEARCH_USER_PATHS = NO;
				CLANG_CXX_LANGUAGE_STANDARD = "gnu++0x";
				CLANG_CXX_LIBRARY = "libc++";
				CLANG_ENABLE_MODULES = YES;
				CLANG_ENABLE_OBJC_ARC = YES;
				CLANG_WARN_BOOL_CONVERSION = YES;
				CLANG_WARN_CONSTANT_CONVERSION = YES;
				CLANG_WARN_DIRECT_OBJC_ISA_USAGE = YES_ERROR;
				CLANG_WARN_EMPTY_BODY = YES;
				CLANG_WARN_ENUM_CONVERSION = YES;
				CLANG_WARN_INT_CONVERSION = YES;
				CLANG_WARN_OBJC_ROOT_CLASS = YES_ERROR;
				CLANG_WARN_UNREACHABLE_CODE = YES;
				CLANG_WARN__DUPLICATE_METHOD_MATCH = YES;
				"CODE_SIGN_IDENTITY[sdk=iphoneos*]" = "iPhone Developer";
				COPY_PHASE_STRIP = NO;
				DEBUG_INFORMATION_FORMAT = dwarf;
				ENABLE_STRICT_OBJC_MSGSEND = YES;
				ENABLE_TESTABILITY = YES;
				GCC_C_LANGUAGE_STANDARD = gnu99;
				GCC_DYNAMIC_NO_PIC = NO;
				GCC_NO_COMMON_BLOCKS = YES;
				GCC_OPTIMIZATION_LEVEL = 0;
				GCC_PREPROCESSOR_DEFINITIONS = (
					"DEBUG=1",
					"$(inherited)",
				);
				GCC_WARN_64_TO_32_BIT_CONVERSION = YES;
				GCC_WARN_ABOUT_RETURN_TYPE = YES_ERROR;
				GCC_WARN_UNDECLARED_SELECTOR = YES;
				GCC_WARN_UNINITIALIZED_AUTOS = YES_AGGRESSIVE;
				GCC_WARN_UNUSED_FUNCTION = YES;
				GCC_WARN_UNUSED_VARIABLE = YES;
				IPHONEOS_DEPLOYMENT_TARGET = 9.2;
				MTL_ENABLE_DEBUG_INFO = YES;
				ONLY_ACTIVE_ARCH = YES;
				SDKROOT = iphoneos;
				SWIFT_OPTIMIZATION_LEVEL = "-Onone";
				TARGETED_DEVICE_FAMILY = "1,2";
			};
			name = Debug;
		};
		940C7ED91C7A6FD900C0A168 /* Release */ = {
			isa = XCBuildConfiguration;
			buildSettings = {
				ALWAYS_SEARCH_USER_PATHS = NO;
				CLANG_CXX_LANGUAGE_STANDARD = "gnu++0x";
				CLANG_CXX_LIBRARY = "libc++";
				CLANG_ENABLE_MODULES = YES;
				CLANG_ENABLE_OBJC_ARC = YES;
				CLANG_WARN_BOOL_CONVERSION = YES;
				CLANG_WARN_CONSTANT_CONVERSION = YES;
				CLANG_WARN_DIRECT_OBJC_ISA_USAGE = YES_ERROR;
				CLANG_WARN_EMPTY_BODY = YES;
				CLANG_WARN_ENUM_CONVERSION = YES;
				CLANG_WARN_INT_CONVERSION = YES;
				CLANG_WARN_OBJC_ROOT_CLASS = YES_ERROR;
				CLANG_WARN_UNREACHABLE_CODE = YES;
				CLANG_WARN__DUPLICATE_METHOD_MATCH = YES;
				"CODE_SIGN_IDENTITY[sdk=iphoneos*]" = "iPhone Developer";
				COPY_PHASE_STRIP = NO;
				DEBUG_INFORMATION_FORMAT = "dwarf-with-dsym";
				ENABLE_NS_ASSERTIONS = NO;
				ENABLE_STRICT_OBJC_MSGSEND = YES;
				GCC_C_LANGUAGE_STANDARD = gnu99;
				GCC_NO_COMMON_BLOCKS = YES;
				GCC_WARN_64_TO_32_BIT_CONVERSION = YES;
				GCC_WARN_ABOUT_RETURN_TYPE = YES_ERROR;
				GCC_WARN_UNDECLARED_SELECTOR = YES;
				GCC_WARN_UNINITIALIZED_AUTOS = YES_AGGRESSIVE;
				GCC_WARN_UNUSED_FUNCTION = YES;
				GCC_WARN_UNUSED_VARIABLE = YES;
				IPHONEOS_DEPLOYMENT_TARGET = 9.2;
				MTL_ENABLE_DEBUG_INFO = NO;
				SDKROOT = iphoneos;
				TARGETED_DEVICE_FAMILY = "1,2";
				VALIDATE_PRODUCT = YES;
			};
			name = Release;
		};
		940C7EDB1C7A6FD900C0A168 /* Debug */ = {
			isa = XCBuildConfiguration;
			buildSettings = {
				ASSETCATALOG_COMPILER_APPICON_NAME = AppIcon;
				INFOPLIST_FILE = toDoList2/Info.plist;
				LD_RUNPATH_SEARCH_PATHS = "$(inherited) @executable_path/Frameworks";
				PRODUCT_BUNDLE_IDENTIFIER = "cs-198.toDoList2";
				PRODUCT_NAME = "$(TARGET_NAME)";
			};
			name = Debug;
		};
		940C7EDC1C7A6FD900C0A168 /* Release */ = {
			isa = XCBuildConfiguration;
			buildSettings = {
				ASSETCATALOG_COMPILER_APPICON_NAME = AppIcon;
				INFOPLIST_FILE = toDoList2/Info.plist;
				LD_RUNPATH_SEARCH_PATHS = "$(inherited) @executable_path/Frameworks";
				PRODUCT_BUNDLE_IDENTIFIER = "cs-198.toDoList2";
				PRODUCT_NAME = "$(TARGET_NAME)";
			};
			name = Release;
		};
		940C7EDE1C7A6FD900C0A168 /* Debug */ = {
			isa = XCBuildConfiguration;
			buildSettings = {
				BUNDLE_LOADER = "$(TEST_HOST)";
				INFOPLIST_FILE = toDoList2Tests/Info.plist;
				LD_RUNPATH_SEARCH_PATHS = "$(inherited) @executable_path/Frameworks @loader_path/Frameworks";
				PRODUCT_BUNDLE_IDENTIFIER = "cs-198.toDoList2Tests";
				PRODUCT_NAME = "$(TARGET_NAME)";
				TEST_HOST = "$(BUILT_PRODUCTS_DIR)/toDoList2.app/toDoList2";
			};
			name = Debug;
		};
		940C7EDF1C7A6FD900C0A168 /* Release */ = {
			isa = XCBuildConfiguration;
			buildSettings = {
				BUNDLE_LOADER = "$(TEST_HOST)";
				INFOPLIST_FILE = toDoList2Tests/Info.plist;
				LD_RUNPATH_SEARCH_PATHS = "$(inherited) @executable_path/Frameworks @loader_path/Frameworks";
				PRODUCT_BUNDLE_IDENTIFIER = "cs-198.toDoList2Tests";
				PRODUCT_NAME = "$(TARGET_NAME)";
				TEST_HOST = "$(BUILT_PRODUCTS_DIR)/toDoList2.app/toDoList2";
			};
			name = Release;
		};
		940C7EE11C7A6FD900C0A168 /* Debug */ = {
			isa = XCBuildConfiguration;
			buildSettings = {
				INFOPLIST_FILE = toDoList2UITests/Info.plist;
				LD_RUNPATH_SEARCH_PATHS = "$(inherited) @executable_path/Frameworks @loader_path/Frameworks";
				PRODUCT_BUNDLE_IDENTIFIER = "cs-198.toDoList2UITests";
				PRODUCT_NAME = "$(TARGET_NAME)";
				TEST_TARGET_NAME = toDoList2;
				USES_XCTRUNNER = YES;
			};
			name = Debug;
		};
		940C7EE21C7A6FD900C0A168 /* Release */ = {
			isa = XCBuildConfiguration;
			buildSettings = {
				INFOPLIST_FILE = toDoList2UITests/Info.plist;
				LD_RUNPATH_SEARCH_PATHS = "$(inherited) @executable_path/Frameworks @loader_path/Frameworks";
				PRODUCT_BUNDLE_IDENTIFIER = "cs-198.toDoList2UITests";
				PRODUCT_NAME = "$(TARGET_NAME)";
				TEST_TARGET_NAME = toDoList2;
				USES_XCTRUNNER = YES;
			};
			name = Release;
		};
/* End XCBuildConfiguration section */

/* Begin XCConfigurationList section */
		940C7EAD1C7A6FD900C0A168 /* Build configuration list for PBXProject "toDoList2" */ = {
			isa = XCConfigurationList;
			buildConfigurations = (
				940C7ED81C7A6FD900C0A168 /* Debug */,
				940C7ED91C7A6FD900C0A168 /* Release */,
			);
			defaultConfigurationIsVisible = 0;
			defaultConfigurationName = Release;
		};
		940C7EDA1C7A6FD900C0A168 /* Build configuration list for PBXNativeTarget "toDoList2" */ = {
			isa = XCConfigurationList;
			buildConfigurations = (
				940C7EDB1C7A6FD900C0A168 /* Debug */,
				940C7EDC1C7A6FD900C0A168 /* Release */,
			);
			defaultConfigurationIsVisible = 0;
		};
		940C7EDD1C7A6FD900C0A168 /* Build configuration list for PBXNativeTarget "toDoList2Tests" */ = {
			isa = XCConfigurationList;
			buildConfigurations = (
				940C7EDE1C7A6FD900C0A168 /* Debug */,
				940C7EDF1C7A6FD900C0A168 /* Release */,
			);
			defaultConfigurationIsVisible = 0;
		};
		940C7EE01C7A6FD900C0A168 /* Build configuration list for PBXNativeTarget "toDoList2UITests" */ = {
			isa = XCConfigurationList;
			buildConfigurations = (
				940C7EE11C7A6FD900C0A168 /* Debug */,
				940C7EE21C7A6FD900C0A168 /* Release */,
			);
			defaultConfigurationIsVisible = 0;
		};
/* End XCConfigurationList section */
	};
	rootObject = 940C7EAA1C7A6FD900C0A168 /* Project object */;
}
